
Microsoft Visual Studio Solution File, Format Version 12.00
# Visual Studio Version 17
VisualStudioVersion = 17.8.34511.84
MinimumVisualStudioVersion = 10.0.40219.1
Project("{FAE04EC0-301F-11D3-BF4B-00C04F79EFBC}") = "Project_DBManager", "Project_DBManager\Project_DBManager.csproj", "{6F0CD9ED-FDBE-478E-8D48-43023C255F75}"
EndProject
Global
	GlobalSection(SolutionConfigurationPlatforms) = preSolution
		Debug|Any CPU = Debug|Any CPU
		Release|Any CPU = Release|Any CPU
	EndGlobalSection
	GlobalSection(ProjectConfigurationPlatforms) = postSolution
		{6F0CD9ED-FDBE-478E-8D48-43023C255F75}.Debug|Any CPU.ActiveCfg = Debug|Any CPU
		{6F0CD9ED-FDBE-478E-8D48-43023C255F75}.Debug|Any CPU.Build.0 = Debug|Any CPU
		{6F0CD9ED-FDBE-478E-8D48-43023C255F75}.Release|Any CPU.ActiveCfg = Release|Any CPU
		{6F0CD9ED-FDBE-478E-8D48-43023C255F75}.Release|Any CPU.Build.0 = Release|Any CPU
	EndGlobalSection
	GlobalSection(SolutionProperties) = preSolution
		HideSolutionNode = FALSE
	EndGlobalSection
	GlobalSection(ExtensibilityGlobals) = postSolution
		SolutionGuid = {BBF5186F-ACB8-4CB8-8CEF-27AD51A0E7F0}
	EndGlobalSection
EndGlobal
